
Microsoft Visual Studio Solution File, Format Version 12.00
# Visual Studio Version 17
VisualStudioVersion = 17.1.32319.34
MinimumVisualStudioVersion = 10.0.40219.1
Project("{9A19103F-16F7-4668-BE54-9A1E7A4F7556}") = "BlazorAppDay02", "BlazorAppDay02\BlazorAppDay02.csproj", "{CA5D75A0-F89C-4137-AD2F-D852A27C55AB}"
EndProject
Project("{FAE04EC0-301F-11D3-BF4B-00C04F79EFBC}") = "WesiteWebApi", "WesiteWebApi\WesiteWebApi.csproj", "{40579F83-D95D-49F1-9645-085EF9B20950}"
EndProject
Project("{FAE04EC0-301F-11D3-BF4B-00C04F79EFBC}") = "Website.Shared", "Website.Shared\Website.Shared.csproj", "{16957439-29F4-44DF-BEF2-6B3A506816CD}"
EndProject
Global
	GlobalSection(SolutionConfigurationPlatforms) = preSolution
		Debug|Any CPU = Debug|Any CPU
		Release|Any CPU = Release|Any CPU
	EndGlobalSection
	GlobalSection(ProjectConfigurationPlatforms) = postSolution
		{CA5D75A0-F89C-4137-AD2F-D852A27C55AB}.Debug|Any CPU.ActiveCfg = Debug|Any CPU
		{CA5D75A0-F89C-4137-AD2F-D852A27C55AB}.Debug|Any CPU.Build.0 = Debug|Any CPU
		{CA5D75A0-F89C-4137-AD2F-D852A27C55AB}.Release|Any CPU.ActiveCfg = Release|Any CPU
		{CA5D75A0-F89C-4137-AD2F-D852A27C55AB}.Release|Any CPU.Build.0 = Release|Any CPU
		{40579F83-D95D-49F1-9645-085EF9B20950}.Debug|Any CPU.ActiveCfg = Debug|Any CPU
		{40579F83-D95D-49F1-9645-085EF9B20950}.Debug|Any CPU.Build.0 = Debug|Any CPU
		{40579F83-D95D-49F1-9645-085EF9B20950}.Release|Any CPU.ActiveCfg = Release|Any CPU
		{40579F83-D95D-49F1-9645-085EF9B20950}.Release|Any CPU.Build.0 = Release|Any CPU
		{16957439-29F4-44DF-BEF2-6B3A506816CD}.Debug|Any CPU.ActiveCfg = Debug|Any CPU
		{16957439-29F4-44DF-BEF2-6B3A506816CD}.Debug|Any CPU.Build.0 = Debug|Any CPU
		{16957439-29F4-44DF-BEF2-6B3A506816CD}.Release|Any CPU.ActiveCfg = Release|Any CPU
		{16957439-29F4-44DF-BEF2-6B3A506816CD}.Release|Any CPU.Build.0 = Release|Any CPU
	EndGlobalSection
	GlobalSection(SolutionProperties) = preSolution
		HideSolutionNode = FALSE
	EndGlobalSection
	GlobalSection(ExtensibilityGlobals) = postSolution
		SolutionGuid = {C5B53186-2B8C-4986-908C-21665F34C57C}
	EndGlobalSection
EndGlobal
